// !$*UTF8*$!
{
	archiveVersion = 1;
	classes = {
	};
	objectVersion = 55;
	objects = {

/* Begin PBXBuildFile section */
		742A97B2285C190600EC1E2C /* AppDelegate.swift in Sources */ = {isa = PBXBuildFile; fileRef = 742A97B1285C190600EC1E2C /* AppDelegate.swift */; };
		742A97B4285C190600EC1E2C /* SceneDelegate.swift in Sources */ = {isa = PBXBuildFile; fileRef = 742A97B3285C190600EC1E2C /* SceneDelegate.swift */; };
		742A97B6285C190600EC1E2C /* ViewController.swift in Sources */ = {isa = PBXBuildFile; fileRef = 742A97B5285C190600EC1E2C /* ViewController.swift */; };
		742A97B9285C190600EC1E2C /* Main.storyboard in Resources */ = {isa = PBXBuildFile; fileRef = 742A97B7285C190600EC1E2C /* Main.storyboard */; };
		742A97BB285C190700EC1E2C /* Assets.xcassets in Resources */ = {isa = PBXBuildFile; fileRef = 742A97BA285C190700EC1E2C /* Assets.xcassets */; };
		742A97BE285C190700EC1E2C /* LaunchScreen.storyboard in Resources */ = {isa = PBXBuildFile; fileRef = 742A97BC285C190700EC1E2C /* LaunchScreen.storyboard */; };
		74742512285C1B18008A65E0 /* CovidDetailViewController.swift in Sources */ = {isa = PBXBuildFile; fileRef = 74742511285C1B18008A65E0 /* CovidDetailViewController.swift */; };
		CD9DB878A39539E9807F6ACB /* Pods_08Covid.framework in Frameworks */ = {isa = PBXBuildFile; fileRef = 5473DC7E4BA6FD964CBA1425 /* Pods_08Covid.framework */; };
/* End PBXBuildFile section */

/* Begin PBXFileReference section */
		5473DC7E4BA6FD964CBA1425 /* Pods_08Covid.framework */ = {isa = PBXFileReference; explicitFileType = wrapper.framework; includeInIndex = 0; path = Pods_08Covid.framework; sourceTree = BUILT_PRODUCTS_DIR; };
		70581702EECCC6EEF6C86B97 /* Pods-08Covid.release.xcconfig */ = {isa = PBXFileReference; includeInIndex = 1; lastKnownFileType = text.xcconfig; name = "Pods-08Covid.release.xcconfig"; path = "Target Support Files/Pods-08Covid/Pods-08Covid.release.xcconfig"; sourceTree = "<group>"; };
		742A97AE285C190600EC1E2C /* 08Covid.app */ = {isa = PBXFileReference; explicitFileType = wrapper.application; includeInIndex = 0; path = 08Covid.app; sourceTree = BUILT_PRODUCTS_DIR; };
		742A97B1285C190600EC1E2C /* AppDelegate.swift */ = {isa = PBXFileReference; lastKnownFileType = sourcecode.swift; path = AppDelegate.swift; sourceTree = "<group>"; };
		742A97B3285C190600EC1E2C /* SceneDelegate.swift */ = {isa = PBXFileReference; lastKnownFileType = sourcecode.swift; path = SceneDelegate.swift; sourceTree = "<group>"; };
		742A97B5285C190600EC1E2C /* ViewController.swift */ = {isa = PBXFileReference; lastKnownFileType = sourcecode.swift; path = ViewController.swift; sourceTree = "<group>"; };
		742A97B8285C190600EC1E2C /* Base */ = {isa = PBXFileReference; lastKnownFileType = file.storyboard; name = Base; path = Base.lproj/Main.storyboard; sourceTree = "<group>"; };
		742A97BA285C190700EC1E2C /* Assets.xcassets */ = {isa = PBXFileReference; lastKnownFileType = folder.assetcatalog; path = Assets.xcassets; sourceTree = "<group>"; };
		742A97BD285C190700EC1E2C /* Base */ = {isa = PBXFileReference; lastKnownFileType = file.storyboard; name = Base; path = Base.lproj/LaunchScreen.storyboard; sourceTree = "<group>"; };
		742A97BF285C190700EC1E2C /* Info.plist */ = {isa = PBXFileReference; lastKnownFileType = text.plist.xml; path = Info.plist; sourceTree = "<group>"; };
		74742511285C1B18008A65E0 /* CovidDetailViewController.swift */ = {isa = PBXFileReference; lastKnownFileType = sourcecode.swift; path = CovidDetailViewController.swift; sourceTree = "<group>"; };
		9783835D878F25285CEB839F /* Pods-08Covid.debug.xcconfig */ = {isa = PBXFileReference; includeInIndex = 1; lastKnownFileType = text.xcconfig; name = "Pods-08Covid.debug.xcconfig"; path = "Target Support Files/Pods-08Covid/Pods-08Covid.debug.xcconfig"; sourceTree = "<group>"; };
/* End PBXFileReference section */

/* Begin PBXFrameworksBuildPhase section */
		742A97AB285C190600EC1E2C /* Frameworks */ = {
			isa = PBXFrameworksBuildPhase;
			buildActionMask = 2147483647;
			files = (
				CD9DB878A39539E9807F6ACB /* Pods_08Covid.framework in Frameworks */,
			);
			runOnlyForDeploymentPostprocessing = 0;
		};
/* End PBXFrameworksBuildPhase section */

/* Begin PBXGroup section */
		31624A3145842730C01ADE4D /* Frameworks */ = {
			isa = PBXGroup;
			children = (
				5473DC7E4BA6FD964CBA1425 /* Pods_08Covid.framework */,
			);
			name = Frameworks;
			sourceTree = "<group>";
		};
		742A97A5285C190600EC1E2C = {
			isa = PBXGroup;
			children = (
				742A97B0285C190600EC1E2C /* 08Covid */,
				742A97AF285C190600EC1E2C /* Products */,
				9766358B56FEB4D3D64638E9 /* Pods */,
				31624A3145842730C01ADE4D /* Frameworks */,
			);
			sourceTree = "<group>";
		};
		742A97AF285C190600EC1E2C /* Products */ = {
			isa = PBXGroup;
			children = (
				742A97AE285C190600EC1E2C /* 08Covid.app */,
			);
			name = Products;
			sourceTree = "<group>";
		};
		742A97B0285C190600EC1E2C /* 08Covid */ = {
			isa = PBXGroup;
			children = (
				742A97B1285C190600EC1E2C /* AppDelegate.swift */,
				742A97B3285C190600EC1E2C /* SceneDelegate.swift */,
				742A97B5285C190600EC1E2C /* ViewController.swift */,
				742A97B7285C190600EC1E2C /* Main.storyboard */,
				742A97BA285C190700EC1E2C /* Assets.xcassets */,
				742A97BC285C190700EC1E2C /* LaunchScreen.storyboard */,
				742A97BF285C190700EC1E2C /* Info.plist */,
				74742511285C1B18008A65E0 /* CovidDetailViewController.swift */,
			);
			path = 08Covid;
			sourceTree = "<group>";
		};
		9766358B56FEB4D3D64638E9 /* Pods */ = {
			isa = PBXGroup;
			children = (
				9783835D878F25285CEB839F /* Pods-08Covid.debug.xcconfig */,
				70581702EECCC6EEF6C86B97 /* Pods-08Covid.release.xcconfig */,
			);
			path = Pods;
			sourceTree = "<group>";
		};
/* End PBXGroup section */

/* Begin PBXNativeTarget section */
		742A97AD285C190600EC1E2C /* 08Covid */ = {
			isa = PBXNativeTarget;
			buildConfigurationList = 742A97C2285C190700EC1E2C /* Build configuration list for PBXNativeTarget "08Covid" */;
			buildPhases = (
				19301484FC32DFEB94E08197 /* [CP] Check Pods Manifest.lock */,
				742A97AA285C190600EC1E2C /* Sources */,
				742A97AB285C190600EC1E2C /* Frameworks */,
				742A97AC285C190600EC1E2C /* Resources */,
				D99E9C624597BBE9E6588B0F /* [CP] Embed Pods Frameworks */,
			);
			buildRules = (
			);
			dependencies = (
			);
			name = 08Covid;
			productName = 08Covid;
			productReference = 742A97AE285C190600EC1E2C /* 08Covid.app */;
			productType = "com.apple.product-type.application";
		};
/* End PBXNativeTarget section */

/* Begin PBXProject section */
		742A97A6285C190600EC1E2C /* Project object */ = {
			isa = PBXProject;
			attributes = {
				BuildIndependentTargetsInParallel = 1;
				LastSwiftUpdateCheck = 1330;
				LastUpgradeCheck = 1330;
				TargetAttributes = {
					742A97AD285C190600EC1E2C = {
						CreatedOnToolsVersion = 13.3;
					};
				};
			};
			buildConfigurationList = 742A97A9285C190600EC1E2C /* Build configuration list for PBXProject "08Covid" */;
			compatibilityVersion = "Xcode 13.0";
			developmentRegion = en;
			hasScannedForEncodings = 0;
			knownRegions = (
				en,
				Base,
			);
			mainGroup = 742A97A5285C190600EC1E2C;
			productRefGroup = 742A97AF285C190600EC1E2C /* Products */;
			projectDirPath = "";
			projectRoot = "";
			targets = (
				742A97AD285C190600EC1E2C /* 08Covid */,
			);
		};
/* End PBXProject section */

/* Begin PBXResourcesBuildPhase section */
		742A97AC285C190600EC1E2C /* Resources */ = {
			isa = PBXResourcesBuildPhase;
			buildActionMask = 2147483647;
			files = (
				742A97BE285C190700EC1E2C /* LaunchScreen.storyboard in Resources */,
				742A97BB285C190700EC1E2C /* Assets.xcassets in Resources */,
				742A97B9285C190600EC1E2C /* Main.storyboard in Resources */,
			);
			runOnlyForDeploymentPostprocessing = 0;
		};
/* End PBXResourcesBuildPhase section */

/* Begin PBXShellScriptBuildPhase section */
		19301484FC32DFEB94E08197 /* [CP] Check Pods Manifest.lock */ = {
			isa = PBXShellScriptBuildPhase;
			buildActionMask = 2147483647;
			files = (
			);
			inputFileListPaths = (
			);
			inputPaths = (
				"${PODS_PODFILE_DIR_PATH}/Podfile.lock",
				"${PODS_ROOT}/Manifest.lock",
			);
			name = "[CP] Check Pods Manifest.lock";
			outputFileListPaths = (
			);
			outputPaths = (
				"$(DERIVED_FILE_DIR)/Pods-08Covid-checkManifestLockResult.txt",
			);
			runOnlyForDeploymentPostprocessing = 0;
			shellPath = /bin/sh;
			shellScript = "diff \"${PODS_PODFILE_DIR_PATH}/Podfile.lock\" \"${PODS_ROOT}/Manifest.lock\" > /dev/null\nif [ $? != 0 ] ; then\n    # print error to STDERR\n    echo \"error: The sandbox is not in sync with the Podfile.lock. Run 'pod install' or update your CocoaPods installation.\" >&2\n    exit 1\nfi\n# This output is used by Xcode 'outputs' to avoid re-running this script phase.\necho \"SUCCESS\" > \"${SCRIPT_OUTPUT_FILE_0}\"\n";
			showEnvVarsInLog = 0;
		};
		D99E9C624597BBE9E6588B0F /* [CP] Embed Pods Frameworks */ = {
			isa = PBXShellScriptBuildPhase;
			buildActionMask = 2147483647;
			files = (
			);
			inputFileListPaths = (
				"${PODS_ROOT}/Target Support Files/Pods-08Covid/Pods-08Covid-frameworks-${CONFIGURATION}-input-files.xcfilelist",
			);
			name = "[CP] Embed Pods Frameworks";
			outputFileListPaths = (
				"${PODS_ROOT}/Target Support Files/Pods-08Covid/Pods-08Covid-frameworks-${CONFIGURATION}-output-files.xcfilelist",
			);
			runOnlyForDeploymentPostprocessing = 0;
			shellPath = /bin/sh;
			shellScript = "\"${PODS_ROOT}/Target Support Files/Pods-08Covid/Pods-08Covid-frameworks.sh\"\n";
			showEnvVarsInLog = 0;
		};
/* End PBXShellScriptBuildPhase section */

/* Begin PBXSourcesBuildPhase section */
		742A97AA285C190600EC1E2C /* Sources */ = {
			isa = PBXSourcesBuildPhase;
			buildActionMask = 2147483647;
			files = (
				742A97B6285C190600EC1E2C /* ViewController.swift in Sources */,
				74742512285C1B18008A65E0 /* CovidDetailViewController.swift in Sources */,
				742A97B2285C190600EC1E2C /* AppDelegate.swift in Sources */,
				742A97B4285C190600EC1E2C /* SceneDelegate.swift in Sources */,
			);
			runOnlyForDeploymentPostprocessing = 0;
		};
/* End PBXSourcesBuildPhase section */

/* Begin PBXVariantGroup section */
		742A97B7285C190600EC1E2C /* Main.storyboard */ = {
			isa = PBXVariantGroup;
			children = (
				742A97B8285C190600EC1E2C /* Base */,
			);
			name = Main.storyboard;
			sourceTree = "<group>";
		};
		742A97BC285C190700EC1E2C /* LaunchScreen.storyboard */ = {
			isa = PBXVariantGroup;
			children = (
				742A97BD285C190700EC1E2C /* Base */,
			);
			name = LaunchScreen.storyboard;
			sourceTree = "<group>";
		};
/* End PBXVariantGroup section */

/* Begin XCBuildConfiguration section */
		742A97C0285C190700EC1E2C /* Debug */ = {
			isa = XCBuildConfiguration;
			buildSettings = {
				ALWAYS_SEARCH_USER_PATHS = NO;
				CLANG_ANALYZER_NONNULL = YES;
				CLANG_ANALYZER_NUMBER_OBJECT_CONVERSION = YES_AGGRESSIVE;
				CLANG_CXX_LANGUAGE_STANDARD = "gnu++17";
				CLANG_ENABLE_MODULES = YES;
				CLANG_ENABLE_OBJC_ARC = YES;
				CLANG_ENABLE_OBJC_WEAK = YES;
				CLANG_WARN_BLOCK_CAPTURE_AUTORELEASING = YES;
				CLANG_WARN_BOOL_CONVERSION = YES;
				CLANG_WARN_COMMA = YES;
				CLANG_WARN_CONSTANT_CONVERSION = YES;
				CLANG_WARN_DEPRECATED_OBJC_IMPLEMENTATIONS = YES;
				CLANG_WARN_DIRECT_OBJC_ISA_USAGE = YES_ERROR;
				CLANG_WARN_DOCUMENTATION_COMMENTS = YES;
				CLANG_WARN_EMPTY_BODY = YES;
				CLANG_WARN_ENUM_CONVERSION = YES;
				CLANG_WARN_INFINITE_RECURSION = YES;
				CLANG_WARN_INT_CONVERSION = YES;
				CLANG_WARN_NON_LITERAL_NULL_CONVERSION = YES;
				CLANG_WARN_OBJC_IMPLICIT_RETAIN_SELF = YES;
				CLANG_WARN_OBJC_LITERAL_CONVERSION = YES;
				CLANG_WARN_OBJC_ROOT_CLASS = YES_ERROR;
				CLANG_WARN_QUOTED_INCLUDE_IN_FRAMEWORK_HEADER = YES;
				CLANG_WARN_RANGE_LOOP_ANALYSIS = YES;
				CLANG_WARN_STRICT_PROTOTYPES = YES;
				CLANG_WARN_SUSPICIOUS_MOVE = YES;
				CLANG_WARN_UNGUARDED_AVAILABILITY = YES_AGGRESSIVE;
				CLANG_WARN_UNREACHABLE_CODE = YES;
				CLANG_WARN__DUPLICATE_METHOD_MATCH = YES;
				COPY_PHASE_STRIP = NO;
				DEBUG_INFORMATION_FORMAT = dwarf;
				ENABLE_STRICT_OBJC_MSGSEND = YES;
				ENABLE_TESTABILITY = YES;
				GCC_C_LANGUAGE_STANDARD = gnu11;
				GCC_DYNAMIC_NO_PIC = NO;
				GCC_NO_COMMON_BLOCKS = YES;
				GCC_OPTIMIZATION_LEVEL = 0;
				GCC_PREPROCESSOR_DEFINITIONS = (
					"DEBUG=1",
					"$(inherited)",
				);
				GCC_WARN_64_TO_32_BIT_CONVERSION = YES;
				GCC_WARN_ABOUT_RETURN_TYPE = YES_ERROR;
				GCC_WARN_UNDECLARED_SELECTOR = YES;
				GCC_WARN_UNINITIALIZED_AUTOS = YES_AGGRESSIVE;
				GCC_WARN_UNUSED_FUNCTION = YES;
				GCC_WARN_UNUSED_VARIABLE = YES;
				IPHONEOS_DEPLOYMENT_TARGET = 15.4;
				MTL_ENABLE_DEBUG_INFO = INCLUDE_SOURCE;
				MTL_FAST_MATH = YES;
				ONLY_ACTIVE_ARCH = YES;
				SDKROOT = iphoneos;
				SWIFT_ACTIVE_COMPILATION_CONDITIONS = DEBUG;
				SWIFT_OPTIMIZATION_LEVEL = "-Onone";
			};
			name = Debug;
		};
		742A97C1285C190700EC1E2C /* Release */ = {
			isa = XCBuildConfiguration;
			buildSettings = {
				ALWAYS_SEARCH_USER_PATHS = NO;
				CLANG_ANALYZER_NONNULL = YES;
				CLANG_ANALYZER_NUMBER_OBJECT_CONVERSION = YES_AGGRESSIVE;
				CLANG_CXX_LANGUAGE_STANDARD = "gnu++17";
				CLANG_ENABLE_MODULES = YES;
				CLANG_ENABLE_OBJC_ARC = YES;
				CLANG_ENABLE_OBJC_WEAK = YES;
				CLANG_WARN_BLOCK_CAPTURE_AUTORELEASING = YES;
				CLANG_WARN_BOOL_CONVERSION = YES;
				CLANG_WARN_COMMA = YES;
				CLANG_WARN_CONSTANT_CONVERSION = YES;
				CLANG_WARN_DEPRECATED_OBJC_IMPLEMENTATIONS = YES;
				CLANG_WARN_DIRECT_OBJC_ISA_USAGE = YES_ERROR;
				CLANG_WARN_DOCUMENTATION_COMMENTS = YES;
				CLANG_WARN_EMPTY_BODY = YES;
				CLANG_WARN_ENUM_CONVERSION = YES;
				CLANG_WARN_INFINITE_RECURSION = YES;
				CLANG_WARN_INT_CONVERSION = YES;
				CLANG_WARN_NON_LITERAL_NULL_CONVERSION = YES;
				CLANG_WARN_OBJC_IMPLICIT_RETAIN_SELF = YES;
				CLANG_WARN_OBJC_LITERAL_CONVERSION = YES;
				CLANG_WARN_OBJC_ROOT_CLASS = YES_ERROR;
				CLANG_WARN_QUOTED_INCLUDE_IN_FRAMEWORK_HEADER = YES;
				CLANG_WARN_RANGE_LOOP_ANALYSIS = YES;
				CLANG_WARN_STRICT_PROTOTYPES = YES;
				CLANG_WARN_SUSPICIOUS_MOVE = YES;
				CLANG_WARN_UNGUARDED_AVAILABILITY = YES_AGGRESSIVE;
				CLANG_WARN_UNREACHABLE_CODE = YES;
				CLANG_WARN__DUPLICATE_METHOD_MATCH = YES;
				COPY_PHASE_STRIP = NO;
				DEBUG_INFORMATION_FORMAT = "dwarf-with-dsym";
				ENABLE_NS_ASSERTIONS = NO;
				ENABLE_STRICT_OBJC_MSGSEND = YES;
				GCC_C_LANGUAGE_STANDARD = gnu11;
				GCC_NO_COMMON_BLOCKS = YES;
				GCC_WARN_64_TO_32_BIT_CONVERSION = YES;
				GCC_WARN_ABOUT_RETURN_TYPE = YES_ERROR;
				GCC_WARN_UNDECLARED_SELECTOR = YES;
				GCC_WARN_UNINITIALIZED_AUTOS = YES_AGGRESSIVE;
				GCC_WARN_UNUSED_FUNCTION = YES;
				GCC_WARN_UNUSED_VARIABLE = YES;
				IPHONEOS_DEPLOYMENT_TARGET = 15.4;
				MTL_ENABLE_DEBUG_INFO = NO;
				MTL_FAST_MATH = YES;
				SDKROOT = iphoneos;
				SWIFT_COMPILATION_MODE = wholemodule;
				SWIFT_OPTIMIZATION_LEVEL = "-O";
				VALIDATE_PRODUCT = YES;
			};
			name = Release;
		};
		742A97C3285C190700EC1E2C /* Debug */ = {
			isa = XCBuildConfiguration;
			baseConfigurationReference = 9783835D878F25285CEB839F /* Pods-08Covid.debug.xcconfig */;
			buildSettings = {
				ASSETCATALOG_COMPILER_APPICON_NAME = AppIcon;
				ASSETCATALOG_COMPILER_GLOBAL_ACCENT_COLOR_NAME = AccentColor;
				CODE_SIGN_STYLE = Automatic;
				CURRENT_PROJECT_VERSION = 1;
				GENERATE_INFOPLIST_FILE = YES;
				INFOPLIST_FILE = 08Covid/Info.plist;
				INFOPLIST_KEY_UIApplicationSupportsIndirectInputEvents = YES;
				INFOPLIST_KEY_UILaunchStoryboardName = LaunchScreen;
				INFOPLIST_KEY_UIMainStoryboardFile = Main;
				INFOPLIST_KEY_UISupportedInterfaceOrientations_iPad = "UIInterfaceOrientationPortrait UIInterfaceOrientationPortraitUpsideDown UIInterfaceOrientationLandscapeLeft UIInterfaceOrientationLandscapeRight";
				INFOPLIST_KEY_UISupportedInterfaceOrientations_iPhone = "UIInterfaceOrientationPortrait UIInterfaceOrientationLandscapeLeft UIInterfaceOrientationLandscapeRight";
				LD_RUNPATH_SEARCH_PATHS = (
					"$(inherited)",
					"@executable_path/Frameworks",
				);
				MARKETING_VERSION = 1.0;
				PRODUCT_BUNDLE_IDENTIFIER = "goodgeon.-8Covid";
				PRODUCT_NAME = "$(TARGET_NAME)";
				SWIFT_EMIT_LOC_STRINGS = YES;
				SWIFT_VERSION = 5.0;
				TARGETED_DEVICE_FAMILY = "1,2";
			};
			name = Debug;
		};
		742A97C4285C190700EC1E2C /* Release */ = {
			isa = XCBuildConfiguration;
			baseConfigurationReference = 70581702EECCC6EEF6C86B97 /* Pods-08Covid.release.xcconfig */;
			buildSettings = {
				ASSETCATALOG_COMPILER_APPICON_NAME = AppIcon;
				ASSETCATALOG_COMPILER_GLOBAL_ACCENT_COLOR_NAME = AccentColor;
				CODE_SIGN_STYLE = Automatic;
				CURRENT_PROJECT_VERSION = 1;
				GENERATE_INFOPLIST_FILE = YES;
				INFOPLIST_FILE = 08Covid/Info.plist;
				INFOPLIST_KEY_UIApplicationSupportsIndirectInputEvents = YES;
				INFOPLIST_KEY_UILaunchStoryboardName = LaunchScreen;
				INFOPLIST_KEY_UIMainStoryboardFile = Main;
				INFOPLIST_KEY_UISupportedInterfaceOrientations_iPad = "UIInterfaceOrientationPortrait UIInterfaceOrientationPortraitUpsideDown UIInterfaceOrientationLandscapeLeft UIInterfaceOrientationLandscapeRight";
				INFOPLIST_KEY_UISupportedInterfaceOrientations_iPhone = "UIInterfaceOrientationPortrait UIInterfaceOrientationLandscapeLeft UIInterfaceOrientationLandscapeRight";
				LD_RUNPATH_SEARCH_PATHS = (
					"$(inherited)",
					"@executable_path/Frameworks",
				);
				MARKETING_VERSION = 1.0;
				PRODUCT_BUNDLE_IDENTIFIER = "goodgeon.-8Covid";
				PRODUCT_NAME = "$(TARGET_NAME)";
				SWIFT_EMIT_LOC_STRINGS = YES;
				SWIFT_VERSION = 5.0;
				TARGETED_DEVICE_FAMILY = "1,2";
			};
			name = Release;
		};
/* End XCBuildConfiguration section */

/* Begin XCConfigurationList section */
		742A97A9285C190600EC1E2C /* Build configuration list for PBXProject "08Covid" */ = {
			isa = XCConfigurationList;
			buildConfigurations = (
				742A97C0285C190700EC1E2C /* Debug */,
				742A97C1285C190700EC1E2C /* Release */,
			);
			defaultConfigurationIsVisible = 0;
			defaultConfigurationName = Release;
		};
		742A97C2285C190700EC1E2C /* Build configuration list for PBXNativeTarget "08Covid" */ = {
			isa = XCConfigurationList;
			buildConfigurations = (
				742A97C3285C190700EC1E2C /* Debug */,
				742A97C4285C190700EC1E2C /* Release */,
			);
			defaultConfigurationIsVisible = 0;
			defaultConfigurationName = Release;
		};
/* End XCConfigurationList section */
	};
	rootObject = 742A97A6285C190600EC1E2C /* Project object */;
}
