// !$*UTF8*$!
{
	archiveVersion = 1;
	classes = {
	};
	objectVersion = 55;
	objects = {

/* Begin PBXBuildFile section */
		66440E7E2863650200AFBE3E /* RemoteConfigDefaults.plist in Resources */ = {isa = PBXBuildFile; fileRef = 66440E7D2863650200AFBE3E /* RemoteConfigDefaults.plist */; };
		66745C642863540000F520E5 /* AppDelegate.swift in Sources */ = {isa = PBXBuildFile; fileRef = 66745C632863540000F520E5 /* AppDelegate.swift */; };
		66745C662863540000F520E5 /* SceneDelegate.swift in Sources */ = {isa = PBXBuildFile; fileRef = 66745C652863540000F520E5 /* SceneDelegate.swift */; };
		66745C682863540000F520E5 /* ViewController.swift in Sources */ = {isa = PBXBuildFile; fileRef = 66745C672863540000F520E5 /* ViewController.swift */; };
		66745C6B2863540000F520E5 /* Main.storyboard in Resources */ = {isa = PBXBuildFile; fileRef = 66745C692863540000F520E5 /* Main.storyboard */; };
		66745C6D2863540200F520E5 /* Assets.xcassets in Resources */ = {isa = PBXBuildFile; fileRef = 66745C6C2863540200F520E5 /* Assets.xcassets */; };
		66745C702863540200F520E5 /* LaunchScreen.storyboard in Resources */ = {isa = PBXBuildFile; fileRef = 66745C6E2863540200F520E5 /* LaunchScreen.storyboard */; };
		66745C792863542F00F520E5 /* NoticeViewController.swift in Sources */ = {isa = PBXBuildFile; fileRef = 66745C772863542F00F520E5 /* NoticeViewController.swift */; };
		66745C7A2863542F00F520E5 /* NoticeViewController.xib in Resources */ = {isa = PBXBuildFile; fileRef = 66745C782863542F00F520E5 /* NoticeViewController.xib */; };
		66745C7C28635B3200F520E5 /* GoogleService-Info.plist in Resources */ = {isa = PBXBuildFile; fileRef = 66745C7B28635B3200F520E5 /* GoogleService-Info.plist */; };
		830D27A08DB7D0926BF1C516 /* Pods_11Notice.framework in Frameworks */ = {isa = PBXBuildFile; fileRef = 51A07A750B5DC4E9D77BBFCF /* Pods_11Notice.framework */; };
/* End PBXBuildFile section */

/* Begin PBXFileReference section */
		51A07A750B5DC4E9D77BBFCF /* Pods_11Notice.framework */ = {isa = PBXFileReference; explicitFileType = wrapper.framework; includeInIndex = 0; path = Pods_11Notice.framework; sourceTree = BUILT_PRODUCTS_DIR; };
		66440E7D2863650200AFBE3E /* RemoteConfigDefaults.plist */ = {isa = PBXFileReference; fileEncoding = 4; lastKnownFileType = text.plist.xml; path = RemoteConfigDefaults.plist; sourceTree = "<group>"; };
		66745C602863540000F520E5 /* 11Notice.app */ = {isa = PBXFileReference; explicitFileType = wrapper.application; includeInIndex = 0; path = 11Notice.app; sourceTree = BUILT_PRODUCTS_DIR; };
		66745C632863540000F520E5 /* AppDelegate.swift */ = {isa = PBXFileReference; lastKnownFileType = sourcecode.swift; path = AppDelegate.swift; sourceTree = "<group>"; };
		66745C652863540000F520E5 /* SceneDelegate.swift */ = {isa = PBXFileReference; lastKnownFileType = sourcecode.swift; path = SceneDelegate.swift; sourceTree = "<group>"; };
		66745C672863540000F520E5 /* ViewController.swift */ = {isa = PBXFileReference; lastKnownFileType = sourcecode.swift; path = ViewController.swift; sourceTree = "<group>"; };
		66745C6A2863540000F520E5 /* Base */ = {isa = PBXFileReference; lastKnownFileType = file.storyboard; name = Base; path = Base.lproj/Main.storyboard; sourceTree = "<group>"; };
		66745C6C2863540200F520E5 /* Assets.xcassets */ = {isa = PBXFileReference; lastKnownFileType = folder.assetcatalog; path = Assets.xcassets; sourceTree = "<group>"; };
		66745C6F2863540200F520E5 /* Base */ = {isa = PBXFileReference; lastKnownFileType = file.storyboard; name = Base; path = Base.lproj/LaunchScreen.storyboard; sourceTree = "<group>"; };
		66745C712863540200F520E5 /* Info.plist */ = {isa = PBXFileReference; lastKnownFileType = text.plist.xml; path = Info.plist; sourceTree = "<group>"; };
		66745C772863542F00F520E5 /* NoticeViewController.swift */ = {isa = PBXFileReference; lastKnownFileType = sourcecode.swift; path = NoticeViewController.swift; sourceTree = "<group>"; };
		66745C782863542F00F520E5 /* NoticeViewController.xib */ = {isa = PBXFileReference; lastKnownFileType = file.xib; path = NoticeViewController.xib; sourceTree = "<group>"; };
		66745C7B28635B3200F520E5 /* GoogleService-Info.plist */ = {isa = PBXFileReference; fileEncoding = 4; lastKnownFileType = text.plist.xml; path = "GoogleService-Info.plist"; sourceTree = "<group>"; };
		7A8EFBA9E30D747F06CA68A2 /* Pods-11Notice.release.xcconfig */ = {isa = PBXFileReference; includeInIndex = 1; lastKnownFileType = text.xcconfig; name = "Pods-11Notice.release.xcconfig"; path = "Target Support Files/Pods-11Notice/Pods-11Notice.release.xcconfig"; sourceTree = "<group>"; };
		D4F538ABE0B8F606FC3EB230 /* Pods-11Notice.debug.xcconfig */ = {isa = PBXFileReference; includeInIndex = 1; lastKnownFileType = text.xcconfig; name = "Pods-11Notice.debug.xcconfig"; path = "Target Support Files/Pods-11Notice/Pods-11Notice.debug.xcconfig"; sourceTree = "<group>"; };
/* End PBXFileReference section */

/* Begin PBXFrameworksBuildPhase section */
		66745C5D2863540000F520E5 /* Frameworks */ = {
			isa = PBXFrameworksBuildPhase;
			buildActionMask = 2147483647;
			files = (
				830D27A08DB7D0926BF1C516 /* Pods_11Notice.framework in Frameworks */,
			);
			runOnlyForDeploymentPostprocessing = 0;
		};
/* End PBXFrameworksBuildPhase section */

/* Begin PBXGroup section */
		594088CAA6454FF614D3CB33 /* Pods */ = {
			isa = PBXGroup;
			children = (
				D4F538ABE0B8F606FC3EB230 /* Pods-11Notice.debug.xcconfig */,
				7A8EFBA9E30D747F06CA68A2 /* Pods-11Notice.release.xcconfig */,
			);
			path = Pods;
			sourceTree = "<group>";
		};
		60C12A5651F859079DF17A14 /* Frameworks */ = {
			isa = PBXGroup;
			children = (
				51A07A750B5DC4E9D77BBFCF /* Pods_11Notice.framework */,
			);
			name = Frameworks;
			sourceTree = "<group>";
		};
		66745C572863540000F520E5 = {
			isa = PBXGroup;
			children = (
				66745C622863540000F520E5 /* 11Notice */,
				66745C612863540000F520E5 /* Products */,
				594088CAA6454FF614D3CB33 /* Pods */,
				60C12A5651F859079DF17A14 /* Frameworks */,
			);
			sourceTree = "<group>";
		};
		66745C612863540000F520E5 /* Products */ = {
			isa = PBXGroup;
			children = (
				66745C602863540000F520E5 /* 11Notice.app */,
			);
			name = Products;
			sourceTree = "<group>";
		};
		66745C622863540000F520E5 /* 11Notice */ = {
			isa = PBXGroup;
			children = (
				66745C632863540000F520E5 /* AppDelegate.swift */,
				66745C652863540000F520E5 /* SceneDelegate.swift */,
				66745C672863540000F520E5 /* ViewController.swift */,
				66440E7D2863650200AFBE3E /* RemoteConfigDefaults.plist */,
				66745C692863540000F520E5 /* Main.storyboard */,
				66745C6C2863540200F520E5 /* Assets.xcassets */,
				66745C6E2863540200F520E5 /* LaunchScreen.storyboard */,
				66745C712863540200F520E5 /* Info.plist */,
				66745C7B28635B3200F520E5 /* GoogleService-Info.plist */,
				66745C772863542F00F520E5 /* NoticeViewController.swift */,
				66745C782863542F00F520E5 /* NoticeViewController.xib */,
			);
			path = 11Notice;
			sourceTree = "<group>";
		};
/* End PBXGroup section */

/* Begin PBXNativeTarget section */
		66745C5F2863540000F520E5 /* 11Notice */ = {
			isa = PBXNativeTarget;
			buildConfigurationList = 66745C742863540200F520E5 /* Build configuration list for PBXNativeTarget "11Notice" */;
			buildPhases = (
				50FC3621E2981A9819439BD5 /* [CP] Check Pods Manifest.lock */,
				66745C5C2863540000F520E5 /* Sources */,
				66745C5D2863540000F520E5 /* Frameworks */,
				66745C5E2863540000F520E5 /* Resources */,
				8B4E71D5FACAD05BB223A5BD /* [CP] Embed Pods Frameworks */,
			);
			buildRules = (
			);
			dependencies = (
			);
			name = 11Notice;
			productName = 11Notice;
			productReference = 66745C602863540000F520E5 /* 11Notice.app */;
			productType = "com.apple.product-type.application";
		};
/* End PBXNativeTarget section */

/* Begin PBXProject section */
		66745C582863540000F520E5 /* Project object */ = {
			isa = PBXProject;
			attributes = {
				BuildIndependentTargetsInParallel = 1;
				LastSwiftUpdateCheck = 1340;
				LastUpgradeCheck = 1340;
				TargetAttributes = {
					66745C5F2863540000F520E5 = {
						CreatedOnToolsVersion = 13.4.1;
					};
				};
			};
			buildConfigurationList = 66745C5B2863540000F520E5 /* Build configuration list for PBXProject "11Notice" */;
			compatibilityVersion = "Xcode 13.0";
			developmentRegion = en;
			hasScannedForEncodings = 0;
			knownRegions = (
				en,
				Base,
			);
			mainGroup = 66745C572863540000F520E5;
			productRefGroup = 66745C612863540000F520E5 /* Products */;
			projectDirPath = "";
			projectRoot = "";
			targets = (
				66745C5F2863540000F520E5 /* 11Notice */,
			);
		};
/* End PBXProject section */

/* Begin PBXResourcesBuildPhase section */
		66745C5E2863540000F520E5 /* Resources */ = {
			isa = PBXResourcesBuildPhase;
			buildActionMask = 2147483647;
			files = (
				66440E7E2863650200AFBE3E /* RemoteConfigDefaults.plist in Resources */,
				66745C702863540200F520E5 /* LaunchScreen.storyboard in Resources */,
				66745C6D2863540200F520E5 /* Assets.xcassets in Resources */,
				66745C7C28635B3200F520E5 /* GoogleService-Info.plist in Resources */,
				66745C7A2863542F00F520E5 /* NoticeViewController.xib in Resources */,
				66745C6B2863540000F520E5 /* Main.storyboard in Resources */,
			);
			runOnlyForDeploymentPostprocessing = 0;
		};
/* End PBXResourcesBuildPhase section */

/* Begin PBXShellScriptBuildPhase section */
		50FC3621E2981A9819439BD5 /* [CP] Check Pods Manifest.lock */ = {
			isa = PBXShellScriptBuildPhase;
			buildActionMask = 2147483647;
			files = (
			);
			inputFileListPaths = (
			);
			inputPaths = (
				"${PODS_PODFILE_DIR_PATH}/Podfile.lock",
				"${PODS_ROOT}/Manifest.lock",
			);
			name = "[CP] Check Pods Manifest.lock";
			outputFileListPaths = (
			);
			outputPaths = (
				"$(DERIVED_FILE_DIR)/Pods-11Notice-checkManifestLockResult.txt",
			);
			runOnlyForDeploymentPostprocessing = 0;
			shellPath = /bin/sh;
			shellScript = "diff \"${PODS_PODFILE_DIR_PATH}/Podfile.lock\" \"${PODS_ROOT}/Manifest.lock\" > /dev/null\nif [ $? != 0 ] ; then\n    # print error to STDERR\n    echo \"error: The sandbox is not in sync with the Podfile.lock. Run 'pod install' or update your CocoaPods installation.\" >&2\n    exit 1\nfi\n# This output is used by Xcode 'outputs' to avoid re-running this script phase.\necho \"SUCCESS\" > \"${SCRIPT_OUTPUT_FILE_0}\"\n";
			showEnvVarsInLog = 0;
		};
		8B4E71D5FACAD05BB223A5BD /* [CP] Embed Pods Frameworks */ = {
			isa = PBXShellScriptBuildPhase;
			buildActionMask = 2147483647;
			files = (
			);
			inputFileListPaths = (
				"${PODS_ROOT}/Target Support Files/Pods-11Notice/Pods-11Notice-frameworks-${CONFIGURATION}-input-files.xcfilelist",
			);
			name = "[CP] Embed Pods Frameworks";
			outputFileListPaths = (
				"${PODS_ROOT}/Target Support Files/Pods-11Notice/Pods-11Notice-frameworks-${CONFIGURATION}-output-files.xcfilelist",
			);
			runOnlyForDeploymentPostprocessing = 0;
			shellPath = /bin/sh;
			shellScript = "\"${PODS_ROOT}/Target Support Files/Pods-11Notice/Pods-11Notice-frameworks.sh\"\n";
			showEnvVarsInLog = 0;
		};
/* End PBXShellScriptBuildPhase section */

/* Begin PBXSourcesBuildPhase section */
		66745C5C2863540000F520E5 /* Sources */ = {
			isa = PBXSourcesBuildPhase;
			buildActionMask = 2147483647;
			files = (
				66745C682863540000F520E5 /* ViewController.swift in Sources */,
				66745C642863540000F520E5 /* AppDelegate.swift in Sources */,
				66745C792863542F00F520E5 /* NoticeViewController.swift in Sources */,
				66745C662863540000F520E5 /* SceneDelegate.swift in Sources */,
			);
			runOnlyForDeploymentPostprocessing = 0;
		};
/* End PBXSourcesBuildPhase section */

/* Begin PBXVariantGroup section */
		66745C692863540000F520E5 /* Main.storyboard */ = {
			isa = PBXVariantGroup;
			children = (
				66745C6A2863540000F520E5 /* Base */,
			);
			name = Main.storyboard;
			sourceTree = "<group>";
		};
		66745C6E2863540200F520E5 /* LaunchScreen.storyboard */ = {
			isa = PBXVariantGroup;
			children = (
				66745C6F2863540200F520E5 /* Base */,
			);
			name = LaunchScreen.storyboard;
			sourceTree = "<group>";
		};
/* End PBXVariantGroup section */

/* Begin XCBuildConfiguration section */
		66745C722863540200F520E5 /* Debug */ = {
			isa = XCBuildConfiguration;
			buildSettings = {
				ALWAYS_SEARCH_USER_PATHS = NO;
				CLANG_ANALYZER_NONNULL = YES;
				CLANG_ANALYZER_NUMBER_OBJECT_CONVERSION = YES_AGGRESSIVE;
				CLANG_CXX_LANGUAGE_STANDARD = "gnu++17";
				CLANG_ENABLE_MODULES = YES;
				CLANG_ENABLE_OBJC_ARC = YES;
				CLANG_ENABLE_OBJC_WEAK = YES;
				CLANG_WARN_BLOCK_CAPTURE_AUTORELEASING = YES;
				CLANG_WARN_BOOL_CONVERSION = YES;
				CLANG_WARN_COMMA = YES;
				CLANG_WARN_CONSTANT_CONVERSION = YES;
				CLANG_WARN_DEPRECATED_OBJC_IMPLEMENTATIONS = YES;
				CLANG_WARN_DIRECT_OBJC_ISA_USAGE = YES_ERROR;
				CLANG_WARN_DOCUMENTATION_COMMENTS = YES;
				CLANG_WARN_EMPTY_BODY = YES;
				CLANG_WARN_ENUM_CONVERSION = YES;
				CLANG_WARN_INFINITE_RECURSION = YES;
				CLANG_WARN_INT_CONVERSION = YES;
				CLANG_WARN_NON_LITERAL_NULL_CONVERSION = YES;
				CLANG_WARN_OBJC_IMPLICIT_RETAIN_SELF = YES;
				CLANG_WARN_OBJC_LITERAL_CONVERSION = YES;
				CLANG_WARN_OBJC_ROOT_CLASS = YES_ERROR;
				CLANG_WARN_QUOTED_INCLUDE_IN_FRAMEWORK_HEADER = YES;
				CLANG_WARN_RANGE_LOOP_ANALYSIS = YES;
				CLANG_WARN_STRICT_PROTOTYPES = YES;
				CLANG_WARN_SUSPICIOUS_MOVE = YES;
				CLANG_WARN_UNGUARDED_AVAILABILITY = YES_AGGRESSIVE;
				CLANG_WARN_UNREACHABLE_CODE = YES;
				CLANG_WARN__DUPLICATE_METHOD_MATCH = YES;
				COPY_PHASE_STRIP = NO;
				DEBUG_INFORMATION_FORMAT = dwarf;
				ENABLE_STRICT_OBJC_MSGSEND = YES;
				ENABLE_TESTABILITY = YES;
				GCC_C_LANGUAGE_STANDARD = gnu11;
				GCC_DYNAMIC_NO_PIC = NO;
				GCC_NO_COMMON_BLOCKS = YES;
				GCC_OPTIMIZATION_LEVEL = 0;
				GCC_PREPROCESSOR_DEFINITIONS = (
					"DEBUG=1",
					"$(inherited)",
				);
				GCC_WARN_64_TO_32_BIT_CONVERSION = YES;
				GCC_WARN_ABOUT_RETURN_TYPE = YES_ERROR;
				GCC_WARN_UNDECLARED_SELECTOR = YES;
				GCC_WARN_UNINITIALIZED_AUTOS = YES_AGGRESSIVE;
				GCC_WARN_UNUSED_FUNCTION = YES;
				GCC_WARN_UNUSED_VARIABLE = YES;
				IPHONEOS_DEPLOYMENT_TARGET = 15.5;
				MTL_ENABLE_DEBUG_INFO = INCLUDE_SOURCE;
				MTL_FAST_MATH = YES;
				ONLY_ACTIVE_ARCH = YES;
				SDKROOT = iphoneos;
				SWIFT_ACTIVE_COMPILATION_CONDITIONS = DEBUG;
				SWIFT_OPTIMIZATION_LEVEL = "-Onone";
			};
			name = Debug;
		};
		66745C732863540200F520E5 /* Release */ = {
			isa = XCBuildConfiguration;
			buildSettings = {
				ALWAYS_SEARCH_USER_PATHS = NO;
				CLANG_ANALYZER_NONNULL = YES;
				CLANG_ANALYZER_NUMBER_OBJECT_CONVERSION = YES_AGGRESSIVE;
				CLANG_CXX_LANGUAGE_STANDARD = "gnu++17";
				CLANG_ENABLE_MODULES = YES;
				CLANG_ENABLE_OBJC_ARC = YES;
				CLANG_ENABLE_OBJC_WEAK = YES;
				CLANG_WARN_BLOCK_CAPTURE_AUTORELEASING = YES;
				CLANG_WARN_BOOL_CONVERSION = YES;
				CLANG_WARN_COMMA = YES;
				CLANG_WARN_CONSTANT_CONVERSION = YES;
				CLANG_WARN_DEPRECATED_OBJC_IMPLEMENTATIONS = YES;
				CLANG_WARN_DIRECT_OBJC_ISA_USAGE = YES_ERROR;
				CLANG_WARN_DOCUMENTATION_COMMENTS = YES;
				CLANG_WARN_EMPTY_BODY = YES;
				CLANG_WARN_ENUM_CONVERSION = YES;
				CLANG_WARN_INFINITE_RECURSION = YES;
				CLANG_WARN_INT_CONVERSION = YES;
				CLANG_WARN_NON_LITERAL_NULL_CONVERSION = YES;
				CLANG_WARN_OBJC_IMPLICIT_RETAIN_SELF = YES;
				CLANG_WARN_OBJC_LITERAL_CONVERSION = YES;
				CLANG_WARN_OBJC_ROOT_CLASS = YES_ERROR;
				CLANG_WARN_QUOTED_INCLUDE_IN_FRAMEWORK_HEADER = YES;
				CLANG_WARN_RANGE_LOOP_ANALYSIS = YES;
				CLANG_WARN_STRICT_PROTOTYPES = YES;
				CLANG_WARN_SUSPICIOUS_MOVE = YES;
				CLANG_WARN_UNGUARDED_AVAILABILITY = YES_AGGRESSIVE;
				CLANG_WARN_UNREACHABLE_CODE = YES;
				CLANG_WARN__DUPLICATE_METHOD_MATCH = YES;
				COPY_PHASE_STRIP = NO;
				DEBUG_INFORMATION_FORMAT = "dwarf-with-dsym";
				ENABLE_NS_ASSERTIONS = NO;
				ENABLE_STRICT_OBJC_MSGSEND = YES;
				GCC_C_LANGUAGE_STANDARD = gnu11;
				GCC_NO_COMMON_BLOCKS = YES;
				GCC_WARN_64_TO_32_BIT_CONVERSION = YES;
				GCC_WARN_ABOUT_RETURN_TYPE = YES_ERROR;
				GCC_WARN_UNDECLARED_SELECTOR = YES;
				GCC_WARN_UNINITIALIZED_AUTOS = YES_AGGRESSIVE;
				GCC_WARN_UNUSED_FUNCTION = YES;
				GCC_WARN_UNUSED_VARIABLE = YES;
				IPHONEOS_DEPLOYMENT_TARGET = 15.5;
				MTL_ENABLE_DEBUG_INFO = NO;
				MTL_FAST_MATH = YES;
				SDKROOT = iphoneos;
				SWIFT_COMPILATION_MODE = wholemodule;
				SWIFT_OPTIMIZATION_LEVEL = "-O";
				VALIDATE_PRODUCT = YES;
			};
			name = Release;
		};
		66745C752863540200F520E5 /* Debug */ = {
			isa = XCBuildConfiguration;
			baseConfigurationReference = D4F538ABE0B8F606FC3EB230 /* Pods-11Notice.debug.xcconfig */;
			buildSettings = {
				ASSETCATALOG_COMPILER_APPICON_NAME = AppIcon;
				ASSETCATALOG_COMPILER_GLOBAL_ACCENT_COLOR_NAME = AccentColor;
				CODE_SIGN_STYLE = Automatic;
				CURRENT_PROJECT_VERSION = 1;
				GENERATE_INFOPLIST_FILE = YES;
				INFOPLIST_FILE = 11Notice/Info.plist;
				INFOPLIST_KEY_UIApplicationSupportsIndirectInputEvents = YES;
				INFOPLIST_KEY_UILaunchStoryboardName = LaunchScreen;
				INFOPLIST_KEY_UIMainStoryboardFile = Main;
				INFOPLIST_KEY_UISupportedInterfaceOrientations_iPad = "UIInterfaceOrientationPortrait UIInterfaceOrientationPortraitUpsideDown UIInterfaceOrientationLandscapeLeft UIInterfaceOrientationLandscapeRight";
				INFOPLIST_KEY_UISupportedInterfaceOrientations_iPhone = "UIInterfaceOrientationPortrait UIInterfaceOrientationLandscapeLeft UIInterfaceOrientationLandscapeRight";
				LD_RUNPATH_SEARCH_PATHS = (
					"$(inherited)",
					"@executable_path/Frameworks",
				);
				MARKETING_VERSION = 1.0;
				PRODUCT_BUNDLE_IDENTIFIER = "example.-1Notice";
				PRODUCT_NAME = "$(TARGET_NAME)";
				SWIFT_EMIT_LOC_STRINGS = YES;
				SWIFT_VERSION = 5.0;
				TARGETED_DEVICE_FAMILY = "1,2";
			};
			name = Debug;
		};
		66745C762863540200F520E5 /* Release */ = {
			isa = XCBuildConfiguration;
			baseConfigurationReference = 7A8EFBA9E30D747F06CA68A2 /* Pods-11Notice.release.xcconfig */;
			buildSettings = {
				ASSETCATALOG_COMPILER_APPICON_NAME = AppIcon;
				ASSETCATALOG_COMPILER_GLOBAL_ACCENT_COLOR_NAME = AccentColor;
				CODE_SIGN_STYLE = Automatic;
				CURRENT_PROJECT_VERSION = 1;
				GENERATE_INFOPLIST_FILE = YES;
				INFOPLIST_FILE = 11Notice/Info.plist;
				INFOPLIST_KEY_UIApplicationSupportsIndirectInputEvents = YES;
				INFOPLIST_KEY_UILaunchStoryboardName = LaunchScreen;
				INFOPLIST_KEY_UIMainStoryboardFile = Main;
				INFOPLIST_KEY_UISupportedInterfaceOrientations_iPad = "UIInterfaceOrientationPortrait UIInterfaceOrientationPortraitUpsideDown UIInterfaceOrientationLandscapeLeft UIInterfaceOrientationLandscapeRight";
				INFOPLIST_KEY_UISupportedInterfaceOrientations_iPhone = "UIInterfaceOrientationPortrait UIInterfaceOrientationLandscapeLeft UIInterfaceOrientationLandscapeRight";
				LD_RUNPATH_SEARCH_PATHS = (
					"$(inherited)",
					"@executable_path/Frameworks",
				);
				MARKETING_VERSION = 1.0;
				PRODUCT_BUNDLE_IDENTIFIER = "example.-1Notice";
				PRODUCT_NAME = "$(TARGET_NAME)";
				SWIFT_EMIT_LOC_STRINGS = YES;
				SWIFT_VERSION = 5.0;
				TARGETED_DEVICE_FAMILY = "1,2";
			};
			name = Release;
		};
/* End XCBuildConfiguration section */

/* Begin XCConfigurationList section */
		66745C5B2863540000F520E5 /* Build configuration list for PBXProject "11Notice" */ = {
			isa = XCConfigurationList;
			buildConfigurations = (
				66745C722863540200F520E5 /* Debug */,
				66745C732863540200F520E5 /* Release */,
			);
			defaultConfigurationIsVisible = 0;
			defaultConfigurationName = Release;
		};
		66745C742863540200F520E5 /* Build configuration list for PBXNativeTarget "11Notice" */ = {
			isa = XCConfigurationList;
			buildConfigurations = (
				66745C752863540200F520E5 /* Debug */,
				66745C762863540200F520E5 /* Release */,
			);
			defaultConfigurationIsVisible = 0;
			defaultConfigurationName = Release;
		};
/* End XCConfigurationList section */
	};
	rootObject = 66745C582863540000F520E5 /* Project object */;
}
